PODS:
  - Alamofire (5.4.3)
  - BrightFutures (8.0.0)
  - DropDown (2.3.13)
  - Firebase/Analytics (8.1.0):
    - Firebase/Core
  - Firebase/Core (8.1.0):
    - Firebase/CoreOnly
    - FirebaseAnalytics (~> 8.1.0)
  - Firebase/CoreOnly (8.1.0):
    - FirebaseCore (= 8.1.0)
  - Firebase/Messaging (8.1.0):
    - Firebase/CoreOnly
    - FirebaseMessaging (~> 8.1.0)
  - FirebaseAnalytics (8.1.0):
    - FirebaseAnalytics/AdIdSupport (= 8.1.0)
    - FirebaseCore (~> 8.0)
    - FirebaseInstallations (~> 8.0)
    - GoogleUtilities/AppDelegateSwizzler (~> 7.4)
    - GoogleUtilities/MethodSwizzler (~> 7.4)
    - GoogleUtilities/Network (~> 7.4)
    - "GoogleUtilities/NSData+zlib (~> 7.4)"
    - nanopb (~> 2.30908.0)
  - FirebaseAnalytics/AdIdSupport (8.1.0):
    - FirebaseAnalytics/Base (= 8.1.0)
    - FirebaseCore (~> 8.0)
    - FirebaseInstallations (~> 8.0)
    - GoogleAppMeasurement (= 8.1.0)
    - GoogleUtilities/AppDelegateSwizzler (~> 7.4)
    - GoogleUtilities/MethodSwizzler (~> 7.4)
    - GoogleUtilities/Network (~> 7.4)
    - "GoogleUtilities/NSData+zlib (~> 7.4)"
    - nanopb (~> 2.30908.0)
  - FirebaseAnalytics/Base (8.1.0):
    - FirebaseCore (~> 8.0)
    - FirebaseInstallations (~> 8.0)
    - GoogleUtilities/AppDelegateSwizzler (~> 7.4)
    - GoogleUtilities/MethodSwizzler (~> 7.4)
    - GoogleUtilities/Network (~> 7.4)
    - "GoogleUtilities/NSData+zlib (~> 7.4)"
    - nanopb (~> 2.30908.0)
  - FirebaseCore (8.1.0):
    - FirebaseCoreDiagnostics (~> 8.0)
    - GoogleUtilities/Environment (~> 7.4)
    - GoogleUtilities/Logger (~> 7.4)
  - FirebaseCoreDiagnostics (8.1.0):
    - GoogleDataTransport (~> 9.0)
    - GoogleUtilities/Environment (~> 7.4)
    - GoogleUtilities/Logger (~> 7.4)
    - nanopb (~> 2.30908.0)
  - FirebaseInstallations (8.1.0):
    - FirebaseCore (~> 8.0)
    - GoogleUtilities/Environment (~> 7.4)
    - GoogleUtilities/UserDefaults (~> 7.4)
    - PromisesObjC (~> 1.2)
  - FirebaseMessaging (8.1.0):
    - FirebaseCore (~> 8.0)
    - FirebaseInstallations (~> 8.0)
    - GoogleUtilities/AppDelegateSwizzler (~> 7.4)
    - GoogleUtilities/Environment (~> 7.4)
    - GoogleUtilities/Reachability (~> 7.4)
    - GoogleUtilities/UserDefaults (~> 7.4)
  - GoogleAppMeasurement (8.1.0):
    - GoogleAppMeasurement/AdIdSupport (= 8.1.0)
    - GoogleUtilities/AppDelegateSwizzler (~> 7.4)
    - GoogleUtilities/MethodSwizzler (~> 7.4)
    - GoogleUtilities/Network (~> 7.4)
    - "GoogleUtilities/NSData+zlib (~> 7.4)"
    - nanopb (~> 2.30908.0)
  - GoogleAppMeasurement/AdIdSupport (8.1.0):
    - GoogleUtilities/AppDelegateSwizzler (~> 7.4)
    - GoogleUtilities/MethodSwizzler (~> 7.4)
    - GoogleUtilities/Network (~> 7.4)
    - "GoogleUtilities/NSData+zlib (~> 7.4)"
    - nanopb (~> 2.30908.0)
  - GoogleDataTransport (9.0.1):
    - GoogleUtilities/Environment (~> 7.2)
    - nanopb (~> 2.30908.0)
    - PromisesObjC (~> 1.2)
  - GoogleUtilities/AppDelegateSwizzler (7.4.1):
    - GoogleUtilities/Environment
    - GoogleUtilities/Logger
    - GoogleUtilities/Network
  - GoogleUtilities/Environment (7.4.1):
    - PromisesObjC (~> 1.2)
  - GoogleUtilities/Logger (7.4.1):
    - GoogleUtilities/Environment
  - GoogleUtilities/MethodSwizzler (7.4.1):
    - GoogleUtilities/Logger
  - GoogleUtilities/Network (7.4.1):
    - GoogleUtilities/Logger
    - "GoogleUtilities/NSData+zlib"
    - GoogleUtilities/Reachability
  - "GoogleUtilities/NSData+zlib (7.4.1)"
  - GoogleUtilities/Reachability (7.4.1):
    - GoogleUtilities/Logger
  - GoogleUtilities/UserDefaults (7.4.1):
    - GoogleUtilities/Logger
  - GSImageViewerController (1.6.3)
  - Kingfisher (6.3.0)
  - KRActivityIndicatorView (3.0.7)
  - KRProgressHUD (3.4.7):
    - KRActivityIndicatorView (= 3.0.7)
  - lottie-ios (3.2.3)
  - LTHRadioButton (1.2.3)
  - MaterialComponents/AnimationTiming (124.2.0)
  - MaterialComponents/Availability (124.2.0)
  - MaterialComponents/Cards (124.2.0):
    - MaterialComponents/Elevation
    - MaterialComponents/Ink
    - MaterialComponents/private/Icons/ic_check_circle
    - MaterialComponents/private/Math
    - MaterialComponents/Ripple
    - MaterialComponents/ShadowLayer
    - MaterialComponents/Shapes
  - MaterialComponents/Elevation (124.2.0):
    - MaterialComponents/Availability
    - MaterialComponents/private/Color
    - MaterialComponents/private/Math
  - MaterialComponents/Ink (124.2.0):
    - MaterialComponents/Availability
    - MaterialComponents/private/Color
    - MaterialComponents/private/Math
  - MaterialComponents/private/Color (124.2.0):
    - MaterialComponents/Availability
  - MaterialComponents/private/Icons/Base (124.2.0)
  - MaterialComponents/private/Icons/ic_check_circle (124.2.0):
    - MaterialComponents/private/Icons/Base
  - MaterialComponents/private/Math (124.2.0)
  - MaterialComponents/Ripple (124.2.0):
    - MaterialComponents/AnimationTiming
    - MaterialComponents/Availability
    - MaterialComponents/private/Color
    - MaterialComponents/private/Math
  - MaterialComponents/ShadowElevations (124.2.0)
  - MaterialComponents/ShadowLayer (124.2.0):
    - MaterialComponents/ShadowElevations
  - MaterialComponents/Shapes (124.2.0):
    - MaterialComponents/private/Color
    - MaterialComponents/private/Math
    - MaterialComponents/ShadowLayer
  - nanopb (2.30908.0):
    - nanopb/decode (= 2.30908.0)
    - nanopb/encode (= 2.30908.0)
  - nanopb/decode (2.30908.0)
  - nanopb/encode (2.30908.0)
  - Phone-Country-Code-and-Flags (0.2.1)
  - PhoneCountryCodePicker (0.2.0):
    - Phone-Country-Code-and-Flags
  - PhoneNumberKit (3.3.3):
    - PhoneNumberKit/PhoneNumberKitCore (= 3.3.3)
    - PhoneNumberKit/UIKit (= 3.3.3)
  - PhoneNumberKit/PhoneNumberKitCore (3.3.3)
  - PhoneNumberKit/UIKit (3.3.3):
    - PhoneNumberKit/PhoneNumberKitCore
  - Presentr (1.9)
  - PromisesObjC (1.2.12)
  - ReachabilitySwift (5.0.0)
  - SideMenu (6.5.0)
  - SkeletonView (1.16.0)
  - SwiftSpinner (2.2.0)
  - Toast-Swift (5.0.1)

DEPENDENCIES:
  - Alamofire (~> 5.2)
  - BrightFutures
  - DropDown
  - Firebase/Analytics
  - Firebase/Messaging
  - GSImageViewerController
  - Kingfisher
  - KRActivityIndicatorView
  - KRProgressHUD
  - lottie-ios
  - LTHRadioButton
  - MaterialComponents/Cards
  - PhoneCountryCodePicker
  - PhoneNumberKit (~> 3.3)
  - Presentr
  - ReachabilitySwift
  - SideMenu
  - SkeletonView
  - SwiftSpinner
  - Toast-Swift (~> 5.0.1)

SPEC REPOS:
  trunk:
    - Alamofire
    - BrightFutures
    - DropDown
    - Firebase
    - FirebaseAnalytics
    - FirebaseCore
    - FirebaseCoreDiagnostics
    - FirebaseInstallations
    - FirebaseMessaging
    - GoogleAppMeasurement
    - GoogleDataTransport
    - GoogleUtilities
    - GSImageViewerController
    - Kingfisher
    - KRActivityIndicatorView
    - KRProgressHUD
    - lottie-ios
    - LTHRadioButton
    - MaterialComponents
    - nanopb
    - Phone-Country-Code-and-Flags
    - PhoneCountryCodePicker
    - PhoneNumberKit
    - Presentr
    - PromisesObjC
    - ReachabilitySwift
    - SideMenu
    - SkeletonView
    - SwiftSpinner
    - Toast-Swift

SPEC CHECKSUMS:
  Alamofire: e447a2774a40c996748296fa2c55112fdbbc42f9
  BrightFutures: f8427b46feabaf73c5e71ace7d86d65dfbb47696
  DropDown: 8a2116376c1981888557f72ec2ffc9a5e0e456ec
  Firebase: b5956acddaaa53a6c292bec00649fadd18367344
  FirebaseAnalytics: e812eaae316ba8914b1ef06bef18f11efc1f56c6
  FirebaseCore: 389c4ce9a7cce4a7e25eb22326b4bee0050557b2
  FirebaseCoreDiagnostics: 3e249cee3de5c5f9cfd6cc2a19997231286fec11
  FirebaseInstallations: 7f31798a8198c354eadcb87176d2090b62edc187
  FirebaseMessaging: c8871b0907dcf4e76de81241eb6a62be6d657d2f
  GoogleAppMeasurement: 9ff7b9e23cced93a5a41736c09bdeb5b5b7fb111
  GoogleDataTransport: 04c3e9a480bbcaa2ec3f5d27f1cdeb6a92f20c8d
  GoogleUtilities: f8a43108b38a68eebe8b3540e1f4f2d28843ce20
  GSImageViewerController: 20a257d7e3dd9ee171c2dfea659992eba2761839
  Kingfisher: 6c3df386db71d82c0817a429d2c9421a77396529
  KRActivityIndicatorView: ad69e89c4ce40c986cf580595be4829dcad0e35a
  KRProgressHUD: a248f0bc6c9c2aed40a37b76e03ffecc7f85c887
  lottie-ios: c058aeafa76daa4cf64d773554bccc8385d0150e
  LTHRadioButton: b20980614572f7911272a6b8aa79ec0fdc9a74d4
  MaterialComponents: 1a9b2d9d45b1601ae544de85089adc4c464306d4
  nanopb: a0ba3315591a9ae0a16a309ee504766e90db0c96
  Phone-Country-Code-and-Flags: 19b303483d6e14091a1e3a404ec2aac8f08a985c
  PhoneCountryCodePicker: 3d8a797562bbcd2309944e0b683eadaa824cacad
  PhoneNumberKit: 4ce83273551c4d2ae10b7361162f4283dd02835f
  Presentr: 7078d7eb5d1661ebeaae60c9e42a1e534de1b993
  PromisesObjC: 3113f7f76903778cf4a0586bd1ab89329a0b7b97
  ReachabilitySwift: 985039c6f7b23a1da463388634119492ff86c825
  SideMenu: f583187d21c5b1dd04c72002be544b555a2627a2
  SkeletonView: 1c3c9cf0571a58a26e9905116d6ff7d720fdde39
  SwiftSpinner: f9b59477fe107427f2b5b835497d6636fa167ede
  Toast-Swift: 9b6a70f28b3bf0b96c40d46c0c4b9d6639846711

PODFILE CHECKSUM: d765b0991edd5993126fa7dc7f901bde6e95d621

COCOAPODS: 1.16.2
